
Microsoft Visual Studio Solution File, Format Version 12.00
# Visual Studio 15
VisualStudioVersion = 15.0.28307.421
MinimumVisualStudioVersion = 10.0.40219.1
Project("{2150E333-8FDC-42A3-9474-1A3956D46DE8}") = "ISP", "ISP", "{7C10C3BE-2396-45D4-89B7-D72629A6BD63}"
EndProject
Project("{2150E333-8FDC-42A3-9474-1A3956D46DE8}") = "Sem_ISP", "Sem_ISP", "{81E0C253-F07C-43B1-A273-084862F4A1AE}"
EndProject
Project("{2150E333-8FDC-42A3-9474-1A3956D46DE8}") = "Com_ISP", "Com_ISP", "{660E1FC0-613D-4310-B486-60E5B2E12970}"
EndProject
Project("{FAE04EC0-301F-11D3-BF4B-00C04F79EFBC}") = "Door-Com-ISP", "ISP\Com-ISP\Door-Com-ISP.csproj", "{55A3DF6B-DF77-41FB-B455-A1E0D3E01F9B}"
EndProject
Project("{FAE04EC0-301F-11D3-BF4B-00C04F79EFBC}") = "Door-Sem-ISP", "ISP\Sem-ISP\Door-Sem-ISP.csproj", "{8188351E-B7F8-43D2-A22D-3899F74E7D12}"
EndProject
Project("{FAE04EC0-301F-11D3-BF4B-00C04F79EFBC}") = "ISPTeste", "ISP\ISPTeste\ISPTeste.csproj", "{AFB31F86-101A-46FD-830D-DCF8E0EA9AB0}"
EndProject
Project("{FAE04EC0-301F-11D3-BF4B-00C04F79EFBC}") = "ATM-Sem-ISP", "ISP\ATM-Sem-ISP\ATM-Sem-ISP.csproj", "{ED5781A7-B0C8-4039-BF70-C3FF47D665A8}"
EndProject
Global
	GlobalSection(SolutionConfigurationPlatforms) = preSolution
		Debug|Any CPU = Debug|Any CPU
		Release|Any CPU = Release|Any CPU
	EndGlobalSection
	GlobalSection(ProjectConfigurationPlatforms) = postSolution
		{55A3DF6B-DF77-41FB-B455-A1E0D3E01F9B}.Debug|Any CPU.ActiveCfg = Debug|Any CPU
		{55A3DF6B-DF77-41FB-B455-A1E0D3E01F9B}.Debug|Any CPU.Build.0 = Debug|Any CPU
		{55A3DF6B-DF77-41FB-B455-A1E0D3E01F9B}.Release|Any CPU.ActiveCfg = Release|Any CPU
		{55A3DF6B-DF77-41FB-B455-A1E0D3E01F9B}.Release|Any CPU.Build.0 = Release|Any CPU
		{8188351E-B7F8-43D2-A22D-3899F74E7D12}.Debug|Any CPU.ActiveCfg = Debug|Any CPU
		{8188351E-B7F8-43D2-A22D-3899F74E7D12}.Debug|Any CPU.Build.0 = Debug|Any CPU
		{8188351E-B7F8-43D2-A22D-3899F74E7D12}.Release|Any CPU.ActiveCfg = Release|Any CPU
		{8188351E-B7F8-43D2-A22D-3899F74E7D12}.Release|Any CPU.Build.0 = Release|Any CPU
		{AFB31F86-101A-46FD-830D-DCF8E0EA9AB0}.Debug|Any CPU.ActiveCfg = Debug|Any CPU
		{AFB31F86-101A-46FD-830D-DCF8E0EA9AB0}.Debug|Any CPU.Build.0 = Debug|Any CPU
		{AFB31F86-101A-46FD-830D-DCF8E0EA9AB0}.Release|Any CPU.ActiveCfg = Release|Any CPU
		{AFB31F86-101A-46FD-830D-DCF8E0EA9AB0}.Release|Any CPU.Build.0 = Release|Any CPU
		{ED5781A7-B0C8-4039-BF70-C3FF47D665A8}.Debug|Any CPU.ActiveCfg = Debug|Any CPU
		{ED5781A7-B0C8-4039-BF70-C3FF47D665A8}.Debug|Any CPU.Build.0 = Debug|Any CPU
		{ED5781A7-B0C8-4039-BF70-C3FF47D665A8}.Release|Any CPU.ActiveCfg = Release|Any CPU
		{ED5781A7-B0C8-4039-BF70-C3FF47D665A8}.Release|Any CPU.Build.0 = Release|Any CPU
	EndGlobalSection
	GlobalSection(SolutionProperties) = preSolution
		HideSolutionNode = FALSE
	EndGlobalSection
	GlobalSection(NestedProjects) = preSolution
		{81E0C253-F07C-43B1-A273-084862F4A1AE} = {7C10C3BE-2396-45D4-89B7-D72629A6BD63}
		{660E1FC0-613D-4310-B486-60E5B2E12970} = {7C10C3BE-2396-45D4-89B7-D72629A6BD63}
		{55A3DF6B-DF77-41FB-B455-A1E0D3E01F9B} = {660E1FC0-613D-4310-B486-60E5B2E12970}
		{8188351E-B7F8-43D2-A22D-3899F74E7D12} = {81E0C253-F07C-43B1-A273-084862F4A1AE}
		{AFB31F86-101A-46FD-830D-DCF8E0EA9AB0} = {7C10C3BE-2396-45D4-89B7-D72629A6BD63}
		{ED5781A7-B0C8-4039-BF70-C3FF47D665A8} = {81E0C253-F07C-43B1-A273-084862F4A1AE}
	EndGlobalSection
	GlobalSection(ExtensibilityGlobals) = postSolution
		SolutionGuid = {80C1E442-C4D8-42CE-9856-5A5700BDF0D0}
	EndGlobalSection
EndGlobal
