
Microsoft Visual Studio Solution File, Format Version 12.00
# Visual Studio 15
VisualStudioVersion = 15.0.28307.421
MinimumVisualStudioVersion = 10.0.40219.1
Project("{2150E333-8FDC-42A3-9474-1A3956D46DE8}") = "ISP", "ISP", "{7C10C3BE-2396-45D4-89B7-D72629A6BD63}"
EndProject
Project("{2150E333-8FDC-42A3-9474-1A3956D46DE8}") = "Sem_ISP", "Sem_ISP", "{81E0C253-F07C-43B1-A273-084862F4A1AE}"
EndProject
Project("{2150E333-8FDC-42A3-9474-1A3956D46DE8}") = "Com_ISP", "Com_ISP", "{660E1FC0-613D-4310-B486-60E5B2E12970}"
EndProject
Project("{FAE04EC0-301F-11D3-BF4B-00C04F79EFBC}") = "Door-Com-ISP", "ISP\Com-ISP\Door-Com-ISP.csproj", "{55A3DF6B-DF77-41FB-B455-A1E0D3E01F9B}"
EndProject
Project("{FAE04EC0-301F-11D3-BF4B-00C04F79EFBC}") = "Door-Sem-ISP", "ISP\Sem-ISP\Door-Sem-ISP.csproj", "{8188351E-B7F8-43D2-A22D-3899F74E7D12}"
EndProject
Project("{FAE04EC0-301F-11D3-BF4B-00C04F79EFBC}") = "ATM-Sem-ISP", "ISP\ATM-Sem-ISP\ATM-Sem-ISP.csproj", "{ED5781A7-B0C8-4039-BF70-C3FF47D665A8}"
EndProject
Project("{2150E333-8FDC-42A3-9474-1A3956D46DE8}") = "SRP", "SRP", "{5A6780A9-0886-4F09-901C-137A7F456160}"
EndProject
Project("{2150E333-8FDC-42A3-9474-1A3956D46DE8}") = "Com_SRP", "Com_SRP", "{33F9C117-E7E8-4EB4-A492-9E184832D777}"
EndProject
Project("{2150E333-8FDC-42A3-9474-1A3956D46DE8}") = "Sem_SRP", "Sem_SRP", "{565DC59C-AC50-46BD-BAAC-96BF44093707}"
EndProject
Project("{FAE04EC0-301F-11D3-BF4B-00C04F79EFBC}") = "Geometria_Sem_SRP", "SRP\Geometria_Sem_SRP\Geometria_Sem_SRP.csproj", "{79FB778E-FB8A-4500-8512-A502181D56C6}"
EndProject
Project("{FAE04EC0-301F-11D3-BF4B-00C04F79EFBC}") = "Geometria_Com_SRP", "SRP\Geometria_Com_SRP\Geometria_Com_SRP.csproj", "{BE150672-A9EA-47BB-AF03-3B2EC94579ED}"
EndProject
Project("{FAE04EC0-301F-11D3-BF4B-00C04F79EFBC}") = "Model_Sem_SRP", "SRP\Model_Sem_SRP\Model_Sem_SRP.csproj", "{78E848D3-6908-4828-A091-036A2CC76086}"
EndProject
Project("{FAE04EC0-301F-11D3-BF4B-00C04F79EFBC}") = "Modem_Com_SRP", "SRP\Modem_Sem_SRP\Modem_Com_SRP.csproj", "{E9BDA8A5-E769-4327-BCB2-203BB3D8F989}"
EndProject
Project("{2150E333-8FDC-42A3-9474-1A3956D46DE8}") = "OCP", "OCP", "{340B78AB-021C-4C26-9CEB-1D57122DC8B8}"
EndProject
Project("{2150E333-8FDC-42A3-9474-1A3956D46DE8}") = "Com_OCP", "Com_OCP", "{A793E098-E555-46D9-AC95-A6C1DCD776DD}"
EndProject
Project("{2150E333-8FDC-42A3-9474-1A3956D46DE8}") = "Sem_OCP", "Sem_OCP", "{09165FB3-ECB2-4FBC-B77E-F5306026D779}"
EndProject
Project("{FAE04EC0-301F-11D3-BF4B-00C04F79EFBC}") = "Testes", "Testes\Testes.csproj", "{AFB31F86-101A-46FD-830D-DCF8E0EA9AB0}"
EndProject
Project("{FAE04EC0-301F-11D3-BF4B-00C04F79EFBC}") = "ATM-Com-ISP", "ISP\ATM-Com-ISP\ATM-Com-ISP.csproj", "{27494DA4-7A3B-4316-9568-049C4047C7B0}"
EndProject
Project("{FAE04EC0-301F-11D3-BF4B-00C04F79EFBC}") = "ClienteServidor_Sem_OCP", "OCP\ClienteServidor_Sem_OCP\ClienteServidor_Sem_OCP.csproj", "{F32F8306-FF1D-40F2-A0C5-C90F67BBB0E4}"
EndProject
Project("{FAE04EC0-301F-11D3-BF4B-00C04F79EFBC}") = "ClienteServidor_Com_OCP", "OCP\ClienteServidor_Com_OCP\ClienteServidor_Com_OCP.csproj", "{CBF40DFA-D7F0-4828-B0F9-74D541968F1D}"
EndProject
Global
	GlobalSection(SolutionConfigurationPlatforms) = preSolution
		Debug|Any CPU = Debug|Any CPU
		Release|Any CPU = Release|Any CPU
	EndGlobalSection
	GlobalSection(ProjectConfigurationPlatforms) = postSolution
		{55A3DF6B-DF77-41FB-B455-A1E0D3E01F9B}.Debug|Any CPU.ActiveCfg = Debug|Any CPU
		{55A3DF6B-DF77-41FB-B455-A1E0D3E01F9B}.Debug|Any CPU.Build.0 = Debug|Any CPU
		{55A3DF6B-DF77-41FB-B455-A1E0D3E01F9B}.Release|Any CPU.ActiveCfg = Release|Any CPU
		{55A3DF6B-DF77-41FB-B455-A1E0D3E01F9B}.Release|Any CPU.Build.0 = Release|Any CPU
		{8188351E-B7F8-43D2-A22D-3899F74E7D12}.Debug|Any CPU.ActiveCfg = Debug|Any CPU
		{8188351E-B7F8-43D2-A22D-3899F74E7D12}.Debug|Any CPU.Build.0 = Debug|Any CPU
		{8188351E-B7F8-43D2-A22D-3899F74E7D12}.Release|Any CPU.ActiveCfg = Release|Any CPU
		{8188351E-B7F8-43D2-A22D-3899F74E7D12}.Release|Any CPU.Build.0 = Release|Any CPU
		{ED5781A7-B0C8-4039-BF70-C3FF47D665A8}.Debug|Any CPU.ActiveCfg = Debug|Any CPU
		{ED5781A7-B0C8-4039-BF70-C3FF47D665A8}.Debug|Any CPU.Build.0 = Debug|Any CPU
		{ED5781A7-B0C8-4039-BF70-C3FF47D665A8}.Release|Any CPU.ActiveCfg = Release|Any CPU
		{ED5781A7-B0C8-4039-BF70-C3FF47D665A8}.Release|Any CPU.Build.0 = Release|Any CPU
		{79FB778E-FB8A-4500-8512-A502181D56C6}.Debug|Any CPU.ActiveCfg = Debug|Any CPU
		{79FB778E-FB8A-4500-8512-A502181D56C6}.Debug|Any CPU.Build.0 = Debug|Any CPU
		{79FB778E-FB8A-4500-8512-A502181D56C6}.Release|Any CPU.ActiveCfg = Release|Any CPU
		{79FB778E-FB8A-4500-8512-A502181D56C6}.Release|Any CPU.Build.0 = Release|Any CPU
		{BE150672-A9EA-47BB-AF03-3B2EC94579ED}.Debug|Any CPU.ActiveCfg = Debug|Any CPU
		{BE150672-A9EA-47BB-AF03-3B2EC94579ED}.Debug|Any CPU.Build.0 = Debug|Any CPU
		{BE150672-A9EA-47BB-AF03-3B2EC94579ED}.Release|Any CPU.ActiveCfg = Release|Any CPU
		{BE150672-A9EA-47BB-AF03-3B2EC94579ED}.Release|Any CPU.Build.0 = Release|Any CPU
		{78E848D3-6908-4828-A091-036A2CC76086}.Debug|Any CPU.ActiveCfg = Debug|Any CPU
		{78E848D3-6908-4828-A091-036A2CC76086}.Debug|Any CPU.Build.0 = Debug|Any CPU
		{78E848D3-6908-4828-A091-036A2CC76086}.Release|Any CPU.ActiveCfg = Release|Any CPU
		{78E848D3-6908-4828-A091-036A2CC76086}.Release|Any CPU.Build.0 = Release|Any CPU
		{E9BDA8A5-E769-4327-BCB2-203BB3D8F989}.Debug|Any CPU.ActiveCfg = Debug|Any CPU
		{E9BDA8A5-E769-4327-BCB2-203BB3D8F989}.Debug|Any CPU.Build.0 = Debug|Any CPU
		{E9BDA8A5-E769-4327-BCB2-203BB3D8F989}.Release|Any CPU.ActiveCfg = Release|Any CPU
		{E9BDA8A5-E769-4327-BCB2-203BB3D8F989}.Release|Any CPU.Build.0 = Release|Any CPU
		{AFB31F86-101A-46FD-830D-DCF8E0EA9AB0}.Debug|Any CPU.ActiveCfg = Debug|Any CPU
		{AFB31F86-101A-46FD-830D-DCF8E0EA9AB0}.Debug|Any CPU.Build.0 = Debug|Any CPU
		{AFB31F86-101A-46FD-830D-DCF8E0EA9AB0}.Release|Any CPU.ActiveCfg = Release|Any CPU
		{AFB31F86-101A-46FD-830D-DCF8E0EA9AB0}.Release|Any CPU.Build.0 = Release|Any CPU
		{27494DA4-7A3B-4316-9568-049C4047C7B0}.Debug|Any CPU.ActiveCfg = Debug|Any CPU
		{27494DA4-7A3B-4316-9568-049C4047C7B0}.Debug|Any CPU.Build.0 = Debug|Any CPU
		{27494DA4-7A3B-4316-9568-049C4047C7B0}.Release|Any CPU.ActiveCfg = Release|Any CPU
		{27494DA4-7A3B-4316-9568-049C4047C7B0}.Release|Any CPU.Build.0 = Release|Any CPU
		{F32F8306-FF1D-40F2-A0C5-C90F67BBB0E4}.Debug|Any CPU.ActiveCfg = Debug|Any CPU
		{F32F8306-FF1D-40F2-A0C5-C90F67BBB0E4}.Debug|Any CPU.Build.0 = Debug|Any CPU
		{F32F8306-FF1D-40F2-A0C5-C90F67BBB0E4}.Release|Any CPU.ActiveCfg = Release|Any CPU
		{F32F8306-FF1D-40F2-A0C5-C90F67BBB0E4}.Release|Any CPU.Build.0 = Release|Any CPU
		{CBF40DFA-D7F0-4828-B0F9-74D541968F1D}.Debug|Any CPU.ActiveCfg = Debug|Any CPU
		{CBF40DFA-D7F0-4828-B0F9-74D541968F1D}.Debug|Any CPU.Build.0 = Debug|Any CPU
		{CBF40DFA-D7F0-4828-B0F9-74D541968F1D}.Release|Any CPU.ActiveCfg = Release|Any CPU
		{CBF40DFA-D7F0-4828-B0F9-74D541968F1D}.Release|Any CPU.Build.0 = Release|Any CPU
	EndGlobalSection
	GlobalSection(SolutionProperties) = preSolution
		HideSolutionNode = FALSE
	EndGlobalSection
	GlobalSection(NestedProjects) = preSolution
		{81E0C253-F07C-43B1-A273-084862F4A1AE} = {7C10C3BE-2396-45D4-89B7-D72629A6BD63}
		{660E1FC0-613D-4310-B486-60E5B2E12970} = {7C10C3BE-2396-45D4-89B7-D72629A6BD63}
		{55A3DF6B-DF77-41FB-B455-A1E0D3E01F9B} = {660E1FC0-613D-4310-B486-60E5B2E12970}
		{8188351E-B7F8-43D2-A22D-3899F74E7D12} = {81E0C253-F07C-43B1-A273-084862F4A1AE}
		{ED5781A7-B0C8-4039-BF70-C3FF47D665A8} = {81E0C253-F07C-43B1-A273-084862F4A1AE}
		{33F9C117-E7E8-4EB4-A492-9E184832D777} = {5A6780A9-0886-4F09-901C-137A7F456160}
		{565DC59C-AC50-46BD-BAAC-96BF44093707} = {5A6780A9-0886-4F09-901C-137A7F456160}
		{79FB778E-FB8A-4500-8512-A502181D56C6} = {565DC59C-AC50-46BD-BAAC-96BF44093707}
		{BE150672-A9EA-47BB-AF03-3B2EC94579ED} = {33F9C117-E7E8-4EB4-A492-9E184832D777}
		{78E848D3-6908-4828-A091-036A2CC76086} = {565DC59C-AC50-46BD-BAAC-96BF44093707}
		{E9BDA8A5-E769-4327-BCB2-203BB3D8F989} = {33F9C117-E7E8-4EB4-A492-9E184832D777}
		{A793E098-E555-46D9-AC95-A6C1DCD776DD} = {340B78AB-021C-4C26-9CEB-1D57122DC8B8}
		{09165FB3-ECB2-4FBC-B77E-F5306026D779} = {340B78AB-021C-4C26-9CEB-1D57122DC8B8}
		{27494DA4-7A3B-4316-9568-049C4047C7B0} = {660E1FC0-613D-4310-B486-60E5B2E12970}
		{F32F8306-FF1D-40F2-A0C5-C90F67BBB0E4} = {09165FB3-ECB2-4FBC-B77E-F5306026D779}
		{CBF40DFA-D7F0-4828-B0F9-74D541968F1D} = {A793E098-E555-46D9-AC95-A6C1DCD776DD}
	EndGlobalSection
	GlobalSection(ExtensibilityGlobals) = postSolution
		SolutionGuid = {80C1E442-C4D8-42CE-9856-5A5700BDF0D0}
	EndGlobalSection
EndGlobal
